
Microsoft Visual Studio Solution File, Format Version 12.00
# Visual Studio Version 17
VisualStudioVersion = 17.0.32112.339
MinimumVisualStudioVersion = 10.0.40219.1
Project("{9A19103F-16F7-4668-BE54-9A1E7A4F7556}") = "BillingCycleAPI", "BillingCycleAPI\BillingCycleAPI.csproj", "{9EFF2954-6F22-4DD8-A024-868B408F0D46}"
EndProject
Project("{FAE04EC0-301F-11D3-BF4B-00C04F79EFBC}") = "AutenticacaoAPI", "AutenticacaoAPI\AutenticacaoAPI.csproj", "{10C8BA05-FA7F-462B-A761-BAF48CCCDE81}"
EndProject
Global
	GlobalSection(SolutionConfigurationPlatforms) = preSolution
		Debug|Any CPU = Debug|Any CPU
		Release|Any CPU = Release|Any CPU
	EndGlobalSection
	GlobalSection(ProjectConfigurationPlatforms) = postSolution
		{9EFF2954-6F22-4DD8-A024-868B408F0D46}.Debug|Any CPU.ActiveCfg = Debug|Any CPU
		{9EFF2954-6F22-4DD8-A024-868B408F0D46}.Debug|Any CPU.Build.0 = Debug|Any CPU
		{9EFF2954-6F22-4DD8-A024-868B408F0D46}.Release|Any CPU.ActiveCfg = Release|Any CPU
		{9EFF2954-6F22-4DD8-A024-868B408F0D46}.Release|Any CPU.Build.0 = Release|Any CPU
		{10C8BA05-FA7F-462B-A761-BAF48CCCDE81}.Debug|Any CPU.ActiveCfg = Debug|Any CPU
		{10C8BA05-FA7F-462B-A761-BAF48CCCDE81}.Debug|Any CPU.Build.0 = Debug|Any CPU
		{10C8BA05-FA7F-462B-A761-BAF48CCCDE81}.Release|Any CPU.ActiveCfg = Release|Any CPU
		{10C8BA05-FA7F-462B-A761-BAF48CCCDE81}.Release|Any CPU.Build.0 = Release|Any CPU
	EndGlobalSection
	GlobalSection(SolutionProperties) = preSolution
		HideSolutionNode = FALSE
	EndGlobalSection
	GlobalSection(ExtensibilityGlobals) = postSolution
		SolutionGuid = {2D05218A-D0CB-413B-8E18-F4188429678B}
	EndGlobalSection
EndGlobal
